
Microsoft Visual Studio Solution File, Format Version 12.00
# Visual Studio 14
VisualStudioVersion = 14.0.23107.0
MinimumVisualStudioVersion = 10.0.40219.1
Project("{2150E333-8FDC-42A3-9474-1A3956D46DE8}") = "src", "src", "{58DCF7A9-2DB5-4D3C-840D-D0637DF256AF}"
EndProject
Project("{2150E333-8FDC-42A3-9474-1A3956D46DE8}") = "Solution Items", "Solution Items", "{4AEF0F43-655C-4AE2-ADB1-3993A0895B6F}"
	ProjectSection(SolutionItems) = preProject
		src\AspNetWindowsService\global.json = src\AspNetWindowsService\global.json
	EndProjectSection
EndProject
Project("{8BB2217D-0F2D-49D1-97BC-3654ED321F3B}") = "AspNetWindowsService", "src\AspNetWindowsService\AspNetWindowsService.xproj", "{26950A60-193A-46B6-8430-21E2B59C5214}"
EndProject
Project("{8BB2217D-0F2D-49D1-97BC-3654ED321F3B}") = "Microsoft.AspNet.Hosting", "..\Hosting\src\Microsoft.AspNet.Hosting\Microsoft.AspNet.Hosting.xproj", "{3944F036-7E75-47E8-AA52-C4B89A64EC3A}"
EndProject
Project("{8BB2217D-0F2D-49D1-97BC-3654ED321F3B}") = "Microsoft.AspNet.Hosting.Abstractions", "..\Hosting\src\Microsoft.AspNet.Hosting.Abstractions\Microsoft.AspNet.Hosting.Abstractions.xproj", "{BB780FBB-7842-4759-8DE7-96FA2E5571C1}"
EndProject
Project("{8BB2217D-0F2D-49D1-97BC-3654ED321F3B}") = "Microsoft.AspNet.Hosting.Server.Abstractions", "..\Hosting\src\Microsoft.AspNet.Hosting.Server.Abstractions\Microsoft.AspNet.Hosting.Server.Abstractions.xproj", "{FDBBA081-5248-4FC0-9E08-B46BEF3FA438}"
EndProject
Project("{8BB2217D-0F2D-49D1-97BC-3654ED321F3B}") = "Microsoft.AspNet.Hosting.WindowsService", "..\Hosting\src\Microsoft.AspNet.Hosting.WindowsService\Microsoft.AspNet.Hosting.WindowsService.xproj", "{03148731-EA95-40A2-BAE8-A12315EA1748}"
EndProject
Global
	GlobalSection(SolutionConfigurationPlatforms) = preSolution
		Debug|Any CPU = Debug|Any CPU
		Release|Any CPU = Release|Any CPU
	EndGlobalSection
	GlobalSection(ProjectConfigurationPlatforms) = postSolution
		{26950A60-193A-46B6-8430-21E2B59C5214}.Debug|Any CPU.ActiveCfg = Debug|Any CPU
		{26950A60-193A-46B6-8430-21E2B59C5214}.Debug|Any CPU.Build.0 = Debug|Any CPU
		{26950A60-193A-46B6-8430-21E2B59C5214}.Release|Any CPU.ActiveCfg = Release|Any CPU
		{26950A60-193A-46B6-8430-21E2B59C5214}.Release|Any CPU.Build.0 = Release|Any CPU
		{3944F036-7E75-47E8-AA52-C4B89A64EC3A}.Debug|Any CPU.ActiveCfg = Debug|Any CPU
		{3944F036-7E75-47E8-AA52-C4B89A64EC3A}.Debug|Any CPU.Build.0 = Debug|Any CPU
		{3944F036-7E75-47E8-AA52-C4B89A64EC3A}.Release|Any CPU.ActiveCfg = Release|Any CPU
		{3944F036-7E75-47E8-AA52-C4B89A64EC3A}.Release|Any CPU.Build.0 = Release|Any CPU
		{BB780FBB-7842-4759-8DE7-96FA2E5571C1}.Debug|Any CPU.ActiveCfg = Debug|Any CPU
		{BB780FBB-7842-4759-8DE7-96FA2E5571C1}.Debug|Any CPU.Build.0 = Debug|Any CPU
		{BB780FBB-7842-4759-8DE7-96FA2E5571C1}.Release|Any CPU.ActiveCfg = Release|Any CPU
		{BB780FBB-7842-4759-8DE7-96FA2E5571C1}.Release|Any CPU.Build.0 = Release|Any CPU
		{FDBBA081-5248-4FC0-9E08-B46BEF3FA438}.Debug|Any CPU.ActiveCfg = Debug|Any CPU
		{FDBBA081-5248-4FC0-9E08-B46BEF3FA438}.Debug|Any CPU.Build.0 = Debug|Any CPU
		{FDBBA081-5248-4FC0-9E08-B46BEF3FA438}.Release|Any CPU.ActiveCfg = Release|Any CPU
		{FDBBA081-5248-4FC0-9E08-B46BEF3FA438}.Release|Any CPU.Build.0 = Release|Any CPU
		{03148731-EA95-40A2-BAE8-A12315EA1748}.Debug|Any CPU.ActiveCfg = Debug|Any CPU
		{03148731-EA95-40A2-BAE8-A12315EA1748}.Debug|Any CPU.Build.0 = Debug|Any CPU
		{03148731-EA95-40A2-BAE8-A12315EA1748}.Release|Any CPU.ActiveCfg = Release|Any CPU
		{03148731-EA95-40A2-BAE8-A12315EA1748}.Release|Any CPU.Build.0 = Release|Any CPU
	EndGlobalSection
	GlobalSection(SolutionProperties) = preSolution
		HideSolutionNode = FALSE
	EndGlobalSection
	GlobalSection(NestedProjects) = preSolution
		{26950A60-193A-46B6-8430-21E2B59C5214} = {58DCF7A9-2DB5-4D3C-840D-D0637DF256AF}
	EndGlobalSection
EndGlobal
